PODS:
  - FlutterMacOS (1.0.0)
  - systemfont (0.0.1):
    - FlutterMacOS

DEPENDENCIES:
  - FlutterMacOS (from `Flutter/ephemeral`)
  - systemfont (from `Flutter/ephemeral/.symlinks/plugins/systemfont/macos`)

EXTERNAL SOURCES:
  FlutterMacOS:
    :path: Flutter/ephemeral
  systemfont:
    :path: Flutter/ephemeral/.symlinks/plugins/systemfont/macos

SPEC CHECKSUMS:
  FlutterMacOS: 8f6f14fa908a6fb3fba0cd85dbd81ec4b251fb24
  systemfont: 525b772964dc038b22e58db265aafc2da3968aa8

PODFILE CHECKSUM: 7eb978b976557c8c1cd717d8185ec483fd090a82

COCOAPODS: 1.16.2
